// !$*UTF8*$!
{
	archiveVersion = 1;
	classes = {
	};
	objectVersion = 55;
	objects = {

/* Begin PBXBuildFile section */
		9AF4048141F3230E754689C8 /* Pods_Finance.framework in Frameworks */ = {isa = PBXBuildFile; fileRef = A53022AC9E214609030662D0 /* Pods_Finance.framework */; };
		BB61DE8D2850A33300A08AC6 /* AppDelegate.swift in Sources */ = {isa = PBXBuildFile; fileRef = BB61DE8C2850A33300A08AC6 /* AppDelegate.swift */; };
		BB61DE8F2850A33300A08AC6 /* SceneDelegate.swift in Sources */ = {isa = PBXBuildFile; fileRef = BB61DE8E2850A33300A08AC6 /* SceneDelegate.swift */; };
		BB61DE912850A33300A08AC6 /* ViewController.swift in Sources */ = {isa = PBXBuildFile; fileRef = BB61DE902850A33300A08AC6 /* ViewController.swift */; };
		BB61DE942850A33300A08AC6 /* Main.storyboard in Resources */ = {isa = PBXBuildFile; fileRef = BB61DE922850A33300A08AC6 /* Main.storyboard */; };
		BB61DE962850A33800A08AC6 /* Assets.xcassets in Resources */ = {isa = PBXBuildFile; fileRef = BB61DE952850A33800A08AC6 /* Assets.xcassets */; };
		BB61DE992850A33800A08AC6 /* LaunchScreen.storyboard in Resources */ = {isa = PBXBuildFile; fileRef = BB61DE972850A33800A08AC6 /* LaunchScreen.storyboard */; };
		BB61DEA52850A3C200A08AC6 /* TabBarController.swift in Sources */ = {isa = PBXBuildFile; fileRef = BB61DEA42850A3C200A08AC6 /* TabBarController.swift */; };
		BB61DEA72850A3D400A08AC6 /* HomeController.swift in Sources */ = {isa = PBXBuildFile; fileRef = BB61DEA62850A3D400A08AC6 /* HomeController.swift */; };
		BB61DEAA2850DA9F00A08AC6 /* TotalAccountView.swift in Sources */ = {isa = PBXBuildFile; fileRef = BB61DEA92850DA9F00A08AC6 /* TotalAccountView.swift */; };
		BB61DEAD2850DE3F00A08AC6 /* Extensions.swift in Sources */ = {isa = PBXBuildFile; fileRef = BB61DEAC2850DE3F00A08AC6 /* Extensions.swift */; };
		BB61DEAF2850F8E800A08AC6 /* ProfileHeaderView.swift in Sources */ = {isa = PBXBuildFile; fileRef = BB61DEAE2850F8E800A08AC6 /* ProfileHeaderView.swift */; };
		BB61DEB12851DC3200A08AC6 /* ServicesCell.swift in Sources */ = {isa = PBXBuildFile; fileRef = BB61DEB02851DC3100A08AC6 /* ServicesCell.swift */; };
		BB66934D285B885A002DFAAD /* Model.swift in Sources */ = {isa = PBXBuildFile; fileRef = BB66934C285B885A002DFAAD /* Model.swift */; };
		BB66934F285C7FFF002DFAAD /* AddTransactionController.swift in Sources */ = {isa = PBXBuildFile; fileRef = BB66934E285C7FFF002DFAAD /* AddTransactionController.swift */; };
		BB6EEDEC287C5DC200245997 /* NetworkService.swift in Sources */ = {isa = PBXBuildFile; fileRef = BB6EEDEB287C5DC200245997 /* NetworkService.swift */; };
		BB74FA2A2858C58A00EA2CD8 /* AuthController.swift in Sources */ = {isa = PBXBuildFile; fileRef = BB74FA292858C58A00EA2CD8 /* AuthController.swift */; };
		BB74FA2C2858CD8900EA2CD8 /* AuthView.swift in Sources */ = {isa = PBXBuildFile; fileRef = BB74FA2B2858CD8900EA2CD8 /* AuthView.swift */; };
		BB836F7128D1BECA008F22C7 /* Utils.swift in Sources */ = {isa = PBXBuildFile; fileRef = BB836F7028D1BECA008F22C7 /* Utils.swift */; };
		BB9B6FCA28CA3158000B1D53 /* GoogleService-Info.plist in Resources */ = {isa = PBXBuildFile; fileRef = BB9B6FC928CA3158000B1D53 /* GoogleService-Info.plist */; };
		BB9B6FCD28CB3E45000B1D53 /* AuthService.swift in Sources */ = {isa = PBXBuildFile; fileRef = BB9B6FCC28CB3E45000B1D53 /* AuthService.swift */; };
		BB9B6FCF28CB5A59000B1D53 /* Constants.swift in Sources */ = {isa = PBXBuildFile; fileRef = BB9B6FCE28CB5A59000B1D53 /* Constants.swift */; };
		BB9B6FD228CB5E45000B1D53 /* ProfileController.swift in Sources */ = {isa = PBXBuildFile; fileRef = BB9B6FD128CB5E45000B1D53 /* ProfileController.swift */; };
		BB9B6FD828CF79E9000B1D53 /* ProfileImageView.swift in Sources */ = {isa = PBXBuildFile; fileRef = BB9B6FD728CF79E9000B1D53 /* ProfileImageView.swift */; };
		BB9EFC0A285E2A9200305776 /* AddCell.swift in Sources */ = {isa = PBXBuildFile; fileRef = BB9EFC09285E2A9200305776 /* AddCell.swift */; };
		BB9EFC0C2861AADF00305776 /* RevenueView.swift in Sources */ = {isa = PBXBuildFile; fileRef = BB9EFC0B2861AADF00305776 /* RevenueView.swift */; };
		BB9EFC0E2861B2AC00305776 /* AmountView.swift in Sources */ = {isa = PBXBuildFile; fileRef = BB9EFC0D2861B2AC00305776 /* AmountView.swift */; };
		BB9EFC112863023700305776 /* Model.xcdatamodeld in Sources */ = {isa = PBXBuildFile; fileRef = BB9EFC0F2863023700305776 /* Model.xcdatamodeld */; };
		BB9EFC13286B234700305776 /* DatabaseService.swift in Sources */ = {isa = PBXBuildFile; fileRef = BB9EFC12286B234600305776 /* DatabaseService.swift */; };
		BB9EFC172878221000305776 /* ExchangeRateController.swift in Sources */ = {isa = PBXBuildFile; fileRef = BB9EFC162878221000305776 /* ExchangeRateController.swift */; };
		BB9EFC1D287830E800305776 /* TopView.swift in Sources */ = {isa = PBXBuildFile; fileRef = BB9EFC1C287830E800305776 /* TopView.swift */; };
		BB9EFC21287869D000305776 /* CurrencyCell.swift in Sources */ = {isa = PBXBuildFile; fileRef = BB9EFC20287869D000305776 /* CurrencyCell.swift */; };
		BBB9D94B28B651E90037CC24 /* StocksController.swift in Sources */ = {isa = PBXBuildFile; fileRef = BBB9D94A28B651E90037CC24 /* StocksController.swift */; };
		BBB9D94F28B6530F0037CC24 /* LastTransactionModalView.swift in Sources */ = {isa = PBXBuildFile; fileRef = BBB9D94E28B6530F0037CC24 /* LastTransactionModalView.swift */; };
		BBB9D95228B653F30037CC24 /* LastTransactionModalController.swift in Sources */ = {isa = PBXBuildFile; fileRef = BBB9D95128B653F30037CC24 /* LastTransactionModalController.swift */; };
		BBCFDC062851F3FF003F9197 /* TitleView.swift in Sources */ = {isa = PBXBuildFile; fileRef = BBCFDC052851F3FF003F9197 /* TitleView.swift */; };
		BBCFDC0A28532E4F003F9197 /* LastTransactionsCell.swift in Sources */ = {isa = PBXBuildFile; fileRef = BBCFDC0928532E4F003F9197 /* LastTransactionsCell.swift */; };
/* End PBXBuildFile section */

/* Begin PBXFileReference section */
		2CE0EEA6404BF9FB495CD737 /* Pods-Finance.release.xcconfig */ = {isa = PBXFileReference; includeInIndex = 1; lastKnownFileType = text.xcconfig; name = "Pods-Finance.release.xcconfig"; path = "Target Support Files/Pods-Finance/Pods-Finance.release.xcconfig"; sourceTree = "<group>"; };
		8B68B2028077D098EA217496 /* Pods-Finance.debug.xcconfig */ = {isa = PBXFileReference; includeInIndex = 1; lastKnownFileType = text.xcconfig; name = "Pods-Finance.debug.xcconfig"; path = "Target Support Files/Pods-Finance/Pods-Finance.debug.xcconfig"; sourceTree = "<group>"; };
		A53022AC9E214609030662D0 /* Pods_Finance.framework */ = {isa = PBXFileReference; explicitFileType = wrapper.framework; includeInIndex = 0; path = Pods_Finance.framework; sourceTree = BUILT_PRODUCTS_DIR; };
		BB61DE892850A33300A08AC6 /* Finance.app */ = {isa = PBXFileReference; explicitFileType = wrapper.application; includeInIndex = 0; path = Finance.app; sourceTree = BUILT_PRODUCTS_DIR; };
		BB61DE8C2850A33300A08AC6 /* AppDelegate.swift */ = {isa = PBXFileReference; lastKnownFileType = sourcecode.swift; path = AppDelegate.swift; sourceTree = "<group>"; };
		BB61DE8E2850A33300A08AC6 /* SceneDelegate.swift */ = {isa = PBXFileReference; lastKnownFileType = sourcecode.swift; path = SceneDelegate.swift; sourceTree = "<group>"; };
		BB61DE902850A33300A08AC6 /* ViewController.swift */ = {isa = PBXFileReference; lastKnownFileType = sourcecode.swift; path = ViewController.swift; sourceTree = "<group>"; };
		BB61DE932850A33300A08AC6 /* Base */ = {isa = PBXFileReference; lastKnownFileType = file.storyboard; name = Base; path = Base.lproj/Main.storyboard; sourceTree = "<group>"; };
		BB61DE952850A33800A08AC6 /* Assets.xcassets */ = {isa = PBXFileReference; lastKnownFileType = folder.assetcatalog; path = Assets.xcassets; sourceTree = "<group>"; };
		BB61DE982850A33800A08AC6 /* Base */ = {isa = PBXFileReference; lastKnownFileType = file.storyboard; name = Base; path = Base.lproj/LaunchScreen.storyboard; sourceTree = "<group>"; };
		BB61DE9A2850A33800A08AC6 /* Info.plist */ = {isa = PBXFileReference; lastKnownFileType = text.plist.xml; path = Info.plist; sourceTree = "<group>"; };
		BB61DEA42850A3C200A08AC6 /* TabBarController.swift */ = {isa = PBXFileReference; lastKnownFileType = sourcecode.swift; path = TabBarController.swift; sourceTree = "<group>"; };
		BB61DEA62850A3D400A08AC6 /* HomeController.swift */ = {isa = PBXFileReference; lastKnownFileType = sourcecode.swift; path = HomeController.swift; sourceTree = "<group>"; };
		BB61DEA92850DA9F00A08AC6 /* TotalAccountView.swift */ = {isa = PBXFileReference; lastKnownFileType = sourcecode.swift; path = TotalAccountView.swift; sourceTree = "<group>"; };
		BB61DEAC2850DE3F00A08AC6 /* Extensions.swift */ = {isa = PBXFileReference; lastKnownFileType = sourcecode.swift; path = Extensions.swift; sourceTree = "<group>"; };
		BB61DEAE2850F8E800A08AC6 /* ProfileHeaderView.swift */ = {isa = PBXFileReference; lastKnownFileType = sourcecode.swift; path = ProfileHeaderView.swift; sourceTree = "<group>"; };
		BB61DEB02851DC3100A08AC6 /* ServicesCell.swift */ = {isa = PBXFileReference; lastKnownFileType = sourcecode.swift; path = ServicesCell.swift; sourceTree = "<group>"; };
		BB66934C285B885A002DFAAD /* Model.swift */ = {isa = PBXFileReference; lastKnownFileType = sourcecode.swift; path = Model.swift; sourceTree = "<group>"; };
		BB66934E285C7FFF002DFAAD /* AddTransactionController.swift */ = {isa = PBXFileReference; lastKnownFileType = sourcecode.swift; path = AddTransactionController.swift; sourceTree = "<group>"; };
		BB6EEDEB287C5DC200245997 /* NetworkService.swift */ = {isa = PBXFileReference; lastKnownFileType = sourcecode.swift; path = NetworkService.swift; sourceTree = "<group>"; };
		BB74FA292858C58A00EA2CD8 /* AuthController.swift */ = {isa = PBXFileReference; lastKnownFileType = sourcecode.swift; path = AuthController.swift; sourceTree = "<group>"; };
		BB74FA2B2858CD8900EA2CD8 /* AuthView.swift */ = {isa = PBXFileReference; lastKnownFileType = sourcecode.swift; path = AuthView.swift; sourceTree = "<group>"; };
		BB836F7028D1BECA008F22C7 /* Utils.swift */ = {isa = PBXFileReference; lastKnownFileType = sourcecode.swift; path = Utils.swift; sourceTree = "<group>"; };
		BB9B6FC928CA3158000B1D53 /* GoogleService-Info.plist */ = {isa = PBXFileReference; fileEncoding = 4; lastKnownFileType = text.plist.xml; path = "GoogleService-Info.plist"; sourceTree = "<group>"; };
		BB9B6FCC28CB3E45000B1D53 /* AuthService.swift */ = {isa = PBXFileReference; lastKnownFileType = sourcecode.swift; path = AuthService.swift; sourceTree = "<group>"; };
		BB9B6FCE28CB5A59000B1D53 /* Constants.swift */ = {isa = PBXFileReference; lastKnownFileType = sourcecode.swift; path = Constants.swift; sourceTree = "<group>"; };
		BB9B6FD128CB5E45000B1D53 /* ProfileController.swift */ = {isa = PBXFileReference; lastKnownFileType = sourcecode.swift; path = ProfileController.swift; sourceTree = "<group>"; };
		BB9B6FD728CF79E9000B1D53 /* ProfileImageView.swift */ = {isa = PBXFileReference; lastKnownFileType = sourcecode.swift; path = ProfileImageView.swift; sourceTree = "<group>"; };
		BB9EFC09285E2A9200305776 /* AddCell.swift */ = {isa = PBXFileReference; lastKnownFileType = sourcecode.swift; path = AddCell.swift; sourceTree = "<group>"; };
		BB9EFC0B2861AADF00305776 /* RevenueView.swift */ = {isa = PBXFileReference; lastKnownFileType = sourcecode.swift; path = RevenueView.swift; sourceTree = "<group>"; };
		BB9EFC0D2861B2AC00305776 /* AmountView.swift */ = {isa = PBXFileReference; lastKnownFileType = sourcecode.swift; path = AmountView.swift; sourceTree = "<group>"; };
		BB9EFC102863023700305776 /* Model.xcdatamodel */ = {isa = PBXFileReference; lastKnownFileType = wrapper.xcdatamodel; path = Model.xcdatamodel; sourceTree = "<group>"; };
		BB9EFC12286B234600305776 /* DatabaseService.swift */ = {isa = PBXFileReference; lastKnownFileType = sourcecode.swift; path = DatabaseService.swift; sourceTree = "<group>"; };
		BB9EFC162878221000305776 /* ExchangeRateController.swift */ = {isa = PBXFileReference; lastKnownFileType = sourcecode.swift; path = ExchangeRateController.swift; sourceTree = "<group>"; };
		BB9EFC1C287830E800305776 /* TopView.swift */ = {isa = PBXFileReference; lastKnownFileType = sourcecode.swift; path = TopView.swift; sourceTree = "<group>"; };
		BB9EFC20287869D000305776 /* CurrencyCell.swift */ = {isa = PBXFileReference; lastKnownFileType = sourcecode.swift; path = CurrencyCell.swift; sourceTree = "<group>"; };
		BBB9D94A28B651E90037CC24 /* StocksController.swift */ = {isa = PBXFileReference; lastKnownFileType = sourcecode.swift; path = StocksController.swift; sourceTree = "<group>"; };
		BBB9D94E28B6530F0037CC24 /* LastTransactionModalView.swift */ = {isa = PBXFileReference; lastKnownFileType = sourcecode.swift; path = LastTransactionModalView.swift; sourceTree = "<group>"; };
		BBB9D95128B653F30037CC24 /* LastTransactionModalController.swift */ = {isa = PBXFileReference; lastKnownFileType = sourcecode.swift; path = LastTransactionModalController.swift; sourceTree = "<group>"; };
		BBCFDC052851F3FF003F9197 /* TitleView.swift */ = {isa = PBXFileReference; lastKnownFileType = sourcecode.swift; path = TitleView.swift; sourceTree = "<group>"; };
		BBCFDC0928532E4F003F9197 /* LastTransactionsCell.swift */ = {isa = PBXFileReference; lastKnownFileType = sourcecode.swift; path = LastTransactionsCell.swift; sourceTree = "<group>"; };
/* End PBXFileReference section */

/* Begin PBXFrameworksBuildPhase section */
		BB61DE862850A33300A08AC6 /* Frameworks */ = {
			isa = PBXFrameworksBuildPhase;
			buildActionMask = 2147483647;
			files = (
				9AF4048141F3230E754689C8 /* Pods_Finance.framework in Frameworks */,
			);
			runOnlyForDeploymentPostprocessing = 0;
		};
/* End PBXFrameworksBuildPhase section */

/* Begin PBXGroup section */
		1DBBA486C4E936BA591333A5 /* Pods */ = {
			isa = PBXGroup;
			children = (
				8B68B2028077D098EA217496 /* Pods-Finance.debug.xcconfig */,
				2CE0EEA6404BF9FB495CD737 /* Pods-Finance.release.xcconfig */,
			);
			path = Pods;
			sourceTree = "<group>";
		};
		38362A45C65BDEEA32E9C696 /* Frameworks */ = {
			isa = PBXGroup;
			children = (
				A53022AC9E214609030662D0 /* Pods_Finance.framework */,
			);
			name = Frameworks;
			sourceTree = "<group>";
		};
		BB61DE802850A33300A08AC6 = {
			isa = PBXGroup;
			children = (
				BB9EFC0F2863023700305776 /* Model.xcdatamodeld */,
				BB61DE8B2850A33300A08AC6 /* Finance */,
				BB61DE8A2850A33300A08AC6 /* Products */,
				1DBBA486C4E936BA591333A5 /* Pods */,
				38362A45C65BDEEA32E9C696 /* Frameworks */,
			);
			sourceTree = "<group>";
		};
		BB61DE8A2850A33300A08AC6 /* Products */ = {
			isa = PBXGroup;
			children = (
				BB61DE892850A33300A08AC6 /* Finance.app */,
			);
			name = Products;
			sourceTree = "<group>";
		};
		BB61DE8B2850A33300A08AC6 /* Finance */ = {
			isa = PBXGroup;
			children = (
				BB61DEA32850A39800A08AC6 /* Model */,
				BB61DEA22850A39400A08AC6 /* View */,
				BBB9D94928B651CB0037CC24 /* ViewController */,
				BB61DEA02850A37200A08AC6 /* Controller */,
				BB61DEAB2850DE2F00A08AC6 /* Utils */,
				BB9EFC14286B2A7500305776 /* API */,
				BB61DE8C2850A33300A08AC6 /* AppDelegate.swift */,
				BB61DE8E2850A33300A08AC6 /* SceneDelegate.swift */,
				BB61DE902850A33300A08AC6 /* ViewController.swift */,
				BB61DE922850A33300A08AC6 /* Main.storyboard */,
				BB61DE952850A33800A08AC6 /* Assets.xcassets */,
				BB61DE972850A33800A08AC6 /* LaunchScreen.storyboard */,
				BB61DE9A2850A33800A08AC6 /* Info.plist */,
				BB9B6FC928CA3158000B1D53 /* GoogleService-Info.plist */,
			);
			path = Finance;
			sourceTree = "<group>";
		};
		BB61DEA02850A37200A08AC6 /* Controller */ = {
			isa = PBXGroup;
			children = (
				BB9B6FD028CB5D97000B1D53 /* Profile */,
				BBB9D95028B653480037CC24 /* AddTransaction */,
				BB9EFC15287821DC00305776 /* Services */,
				BB61DEA42850A3C200A08AC6 /* TabBarController.swift */,
				BB61DEA62850A3D400A08AC6 /* HomeController.swift */,
				BBB9D95128B653F30037CC24 /* LastTransactionModalController.swift */,
			);
			path = Controller;
			sourceTree = "<group>";
		};
		BB61DEA22850A39400A08AC6 /* View */ = {
			isa = PBXGroup;
			children = (
				BB9B6FD628CF79C1000B1D53 /* Auth */,
				BB9EFC1A2878309D00305776 /* Services */,
				BB9EFC08285E249800305776 /* Add */,
				BB74FA262858C09E00EA2CD8 /* Home */,
				BBCFDC052851F3FF003F9197 /* TitleView.swift */,
			);
			path = View;
			sourceTree = "<group>";
		};
		BB61DEA32850A39800A08AC6 /* Model */ = {
			isa = PBXGroup;
			children = (
				BB66934C285B885A002DFAAD /* Model.swift */,
			);
			path = Model;
			sourceTree = "<group>";
		};
		BB61DEAB2850DE2F00A08AC6 /* Utils */ = {
			isa = PBXGroup;
			children = (
				BB61DEAC2850DE3F00A08AC6 /* Extensions.swift */,
				BB9B6FCE28CB5A59000B1D53 /* Constants.swift */,
				BB836F7028D1BECA008F22C7 /* Utils.swift */,
			);
			path = Utils;
			sourceTree = "<group>";
		};
		BB74FA262858C09E00EA2CD8 /* Home */ = {
			isa = PBXGroup;
			children = (
				BB61DEA92850DA9F00A08AC6 /* TotalAccountView.swift */,
				BB61DEAE2850F8E800A08AC6 /* ProfileHeaderView.swift */,
				BB61DEB02851DC3100A08AC6 /* ServicesCell.swift */,
				BBCFDC0928532E4F003F9197 /* LastTransactionsCell.swift */,
				BBB9D94E28B6530F0037CC24 /* LastTransactionModalView.swift */,
			);
			path = Home;
			sourceTree = "<group>";
		};
		BB9B6FD028CB5D97000B1D53 /* Profile */ = {
			isa = PBXGroup;
			children = (
				BB74FA292858C58A00EA2CD8 /* AuthController.swift */,
				BB9B6FD128CB5E45000B1D53 /* ProfileController.swift */,
			);
			path = Profile;
			sourceTree = "<group>";
		};
		BB9B6FD628CF79C1000B1D53 /* Auth */ = {
			isa = PBXGroup;
			children = (
				BB74FA2B2858CD8900EA2CD8 /* AuthView.swift */,
				BB9B6FD728CF79E9000B1D53 /* ProfileImageView.swift */,
			);
			path = Auth;
			sourceTree = "<group>";
		};
		BB9EFC08285E249800305776 /* Add */ = {
			isa = PBXGroup;
			children = (
				BB9EFC09285E2A9200305776 /* AddCell.swift */,
				BB9EFC0B2861AADF00305776 /* RevenueView.swift */,
				BB9EFC0D2861B2AC00305776 /* AmountView.swift */,
			);
			path = Add;
			sourceTree = "<group>";
		};
		BB9EFC14286B2A7500305776 /* API */ = {
			isa = PBXGroup;
			children = (
				BB9EFC12286B234600305776 /* DatabaseService.swift */,
				BB6EEDEB287C5DC200245997 /* NetworkService.swift */,
				BB9B6FCC28CB3E45000B1D53 /* AuthService.swift */,
			);
			path = API;
			sourceTree = "<group>";
		};
		BB9EFC15287821DC00305776 /* Services */ = {
			isa = PBXGroup;
			children = (
				BB9EFC162878221000305776 /* ExchangeRateController.swift */,
				BBB9D94A28B651E90037CC24 /* StocksController.swift */,
			);
			path = Services;
			sourceTree = "<group>";
		};
		BB9EFC1A2878309D00305776 /* Services */ = {
			isa = PBXGroup;
			children = (
				BB9EFC1B287830C400305776 /* ExchangeRate */,
			);
			path = Services;
			sourceTree = "<group>";
		};
		BB9EFC1B287830C400305776 /* ExchangeRate */ = {
			isa = PBXGroup;
			children = (
				BB9EFC1C287830E800305776 /* TopView.swift */,
				BB9EFC20287869D000305776 /* CurrencyCell.swift */,
			);
			path = ExchangeRate;
			sourceTree = "<group>";
		};
		BBB9D94928B651CB0037CC24 /* ViewController */ = {
			isa = PBXGroup;
			children = (
			);
			path = ViewController;
			sourceTree = "<group>";
		};
		BBB9D95028B653480037CC24 /* AddTransaction */ = {
			isa = PBXGroup;
			children = (
				BB66934E285C7FFF002DFAAD /* AddTransactionController.swift */,
			);
			path = AddTransaction;
			sourceTree = "<group>";
		};
/* End PBXGroup section */

/* Begin PBXNativeTarget section */
		BB61DE882850A33300A08AC6 /* Finance */ = {
			isa = PBXNativeTarget;
			buildConfigurationList = BB61DE9D2850A33800A08AC6 /* Build configuration list for PBXNativeTarget "Finance" */;
			buildPhases = (
				084511A3D4B68E4F086843F0 /* [CP] Check Pods Manifest.lock */,
				BB61DE852850A33300A08AC6 /* Sources */,
				BB61DE862850A33300A08AC6 /* Frameworks */,
				BB61DE872850A33300A08AC6 /* Resources */,
				CEB7F9A8A9B9B3BC3379355F /* [CP] Embed Pods Frameworks */,
			);
			buildRules = (
			);
			dependencies = (
			);
			name = Finance;
			productName = Finance;
			productReference = BB61DE892850A33300A08AC6 /* Finance.app */;
			productType = "com.apple.product-type.application";
		};
/* End PBXNativeTarget section */

/* Begin PBXProject section */
		BB61DE812850A33300A08AC6 /* Project object */ = {
			isa = PBXProject;
			attributes = {
				BuildIndependentTargetsInParallel = 1;
				LastSwiftUpdateCheck = 1330;
				LastUpgradeCheck = 1330;
				TargetAttributes = {
					BB61DE882850A33300A08AC6 = {
						CreatedOnToolsVersion = 13.3.1;
					};
				};
			};
			buildConfigurationList = BB61DE842850A33300A08AC6 /* Build configuration list for PBXProject "Finance" */;
			compatibilityVersion = "Xcode 13.0";
			developmentRegion = en;
			hasScannedForEncodings = 0;
			knownRegions = (
				en,
				Base,
			);
			mainGroup = BB61DE802850A33300A08AC6;
			productRefGroup = BB61DE8A2850A33300A08AC6 /* Products */;
			projectDirPath = "";
			projectRoot = "";
			targets = (
				BB61DE882850A33300A08AC6 /* Finance */,
			);
		};
/* End PBXProject section */

/* Begin PBXResourcesBuildPhase section */
		BB61DE872850A33300A08AC6 /* Resources */ = {
			isa = PBXResourcesBuildPhase;
			buildActionMask = 2147483647;
			files = (
				BB61DE992850A33800A08AC6 /* LaunchScreen.storyboard in Resources */,
				BB61DE962850A33800A08AC6 /* Assets.xcassets in Resources */,
				BB61DE942850A33300A08AC6 /* Main.storyboard in Resources */,
				BB9B6FCA28CA3158000B1D53 /* GoogleService-Info.plist in Resources */,
			);
			runOnlyForDeploymentPostprocessing = 0;
		};
/* End PBXResourcesBuildPhase section */

/* Begin PBXShellScriptBuildPhase section */
		084511A3D4B68E4F086843F0 /* [CP] Check Pods Manifest.lock */ = {
			isa = PBXShellScriptBuildPhase;
			buildActionMask = 2147483647;
			files = (
			);
			inputFileListPaths = (
			);
			inputPaths = (
				"${PODS_PODFILE_DIR_PATH}/Podfile.lock",
				"${PODS_ROOT}/Manifest.lock",
			);
			name = "[CP] Check Pods Manifest.lock";
			outputFileListPaths = (
			);
			outputPaths = (
				"$(DERIVED_FILE_DIR)/Pods-Finance-checkManifestLockResult.txt",
			);
			runOnlyForDeploymentPostprocessing = 0;
			shellPath = /bin/sh;
			shellScript = "diff \"${PODS_PODFILE_DIR_PATH}/Podfile.lock\" \"${PODS_ROOT}/Manifest.lock\" > /dev/null\nif [ $? != 0 ] ; then\n    # print error to STDERR\n    echo \"error: The sandbox is not in sync with the Podfile.lock. Run 'pod install' or update your CocoaPods installation.\" >&2\n    exit 1\nfi\n# This output is used by Xcode 'outputs' to avoid re-running this script phase.\necho \"SUCCESS\" > \"${SCRIPT_OUTPUT_FILE_0}\"\n";
			showEnvVarsInLog = 0;
		};
		CEB7F9A8A9B9B3BC3379355F /* [CP] Embed Pods Frameworks */ = {
			isa = PBXShellScriptBuildPhase;
			buildActionMask = 2147483647;
			files = (
			);
			inputFileListPaths = (
				"${PODS_ROOT}/Target Support Files/Pods-Finance/Pods-Finance-frameworks-${CONFIGURATION}-input-files.xcfilelist",
			);
			name = "[CP] Embed Pods Frameworks";
			outputFileListPaths = (
				"${PODS_ROOT}/Target Support Files/Pods-Finance/Pods-Finance-frameworks-${CONFIGURATION}-output-files.xcfilelist",
			);
			runOnlyForDeploymentPostprocessing = 0;
			shellPath = /bin/sh;
			shellScript = "\"${PODS_ROOT}/Target Support Files/Pods-Finance/Pods-Finance-frameworks.sh\"\n";
			showEnvVarsInLog = 0;
		};
/* End PBXShellScriptBuildPhase section */

/* Begin PBXSourcesBuildPhase section */
		BB61DE852850A33300A08AC6 /* Sources */ = {
			isa = PBXSourcesBuildPhase;
			buildActionMask = 2147483647;
			files = (
				BB9EFC21287869D000305776 /* CurrencyCell.swift in Sources */,
				BB9EFC172878221000305776 /* ExchangeRateController.swift in Sources */,
				BBB9D95228B653F30037CC24 /* LastTransactionModalController.swift in Sources */,
				BB66934D285B885A002DFAAD /* Model.swift in Sources */,
				BB9EFC0E2861B2AC00305776 /* AmountView.swift in Sources */,
				BB9B6FCF28CB5A59000B1D53 /* Constants.swift in Sources */,
				BB9B6FD228CB5E45000B1D53 /* ProfileController.swift in Sources */,
				BB61DE912850A33300A08AC6 /* ViewController.swift in Sources */,
				BB61DEA52850A3C200A08AC6 /* TabBarController.swift in Sources */,
				BB9EFC0A285E2A9200305776 /* AddCell.swift in Sources */,
				BB61DE8D2850A33300A08AC6 /* AppDelegate.swift in Sources */,
				BBB9D94B28B651E90037CC24 /* StocksController.swift in Sources */,
				BBCFDC062851F3FF003F9197 /* TitleView.swift in Sources */,
				BB9B6FCD28CB3E45000B1D53 /* AuthService.swift in Sources */,
				BB9EFC112863023700305776 /* Model.xcdatamodeld in Sources */,
				BB61DE8F2850A33300A08AC6 /* SceneDelegate.swift in Sources */,
				BB6EEDEC287C5DC200245997 /* NetworkService.swift in Sources */,
				BB61DEA72850A3D400A08AC6 /* HomeController.swift in Sources */,
				BB61DEB12851DC3200A08AC6 /* ServicesCell.swift in Sources */,
				BB74FA2A2858C58A00EA2CD8 /* AuthController.swift in Sources */,
				BB74FA2C2858CD8900EA2CD8 /* AuthView.swift in Sources */,
				BB61DEAA2850DA9F00A08AC6 /* TotalAccountView.swift in Sources */,
				BB61DEAD2850DE3F00A08AC6 /* Extensions.swift in Sources */,
				BB9EFC13286B234700305776 /* DatabaseService.swift in Sources */,
				BBB9D94F28B6530F0037CC24 /* LastTransactionModalView.swift in Sources */,
				BB9EFC0C2861AADF00305776 /* RevenueView.swift in Sources */,
				BB9B6FD828CF79E9000B1D53 /* ProfileImageView.swift in Sources */,
				BB66934F285C7FFF002DFAAD /* AddTransactionController.swift in Sources */,
				BB836F7128D1BECA008F22C7 /* Utils.swift in Sources */,
				BBCFDC0A28532E4F003F9197 /* LastTransactionsCell.swift in Sources */,
				BB61DEAF2850F8E800A08AC6 /* ProfileHeaderView.swift in Sources */,
				BB9EFC1D287830E800305776 /* TopView.swift in Sources */,
			);
			runOnlyForDeploymentPostprocessing = 0;
		};
/* End PBXSourcesBuildPhase section */

/* Begin PBXVariantGroup section */
		BB61DE922850A33300A08AC6 /* Main.storyboard */ = {
			isa = PBXVariantGroup;
			children = (
				BB61DE932850A33300A08AC6 /* Base */,
			);
			name = Main.storyboard;
			sourceTree = "<group>";
		};
		BB61DE972850A33800A08AC6 /* LaunchScreen.storyboard */ = {
			isa = PBXVariantGroup;
			children = (
				BB61DE982850A33800A08AC6 /* Base */,
			);
			name = LaunchScreen.storyboard;
			sourceTree = "<group>";
		};
/* End PBXVariantGroup section */

/* Begin XCBuildConfiguration section */
		BB61DE9B2850A33800A08AC6 /* Debug */ = {
			isa = XCBuildConfiguration;
			buildSettings = {
				ALWAYS_SEARCH_USER_PATHS = NO;
				CLANG_ANALYZER_NONNULL = YES;
				CLANG_ANALYZER_NUMBER_OBJECT_CONVERSION = YES_AGGRESSIVE;
				CLANG_CXX_LANGUAGE_STANDARD = "gnu++17";
				CLANG_ENABLE_MODULES = YES;
				CLANG_ENABLE_OBJC_ARC = YES;
				CLANG_ENABLE_OBJC_WEAK = YES;
				CLANG_WARN_BLOCK_CAPTURE_AUTORELEASING = YES;
				CLANG_WARN_BOOL_CONVERSION = YES;
				CLANG_WARN_COMMA = YES;
				CLANG_WARN_CONSTANT_CONVERSION = YES;
				CLANG_WARN_DEPRECATED_OBJC_IMPLEMENTATIONS = YES;
				CLANG_WARN_DIRECT_OBJC_ISA_USAGE = YES_ERROR;
				CLANG_WARN_DOCUMENTATION_COMMENTS = YES;
				CLANG_WARN_EMPTY_BODY = YES;
				CLANG_WARN_ENUM_CONVERSION = YES;
				CLANG_WARN_INFINITE_RECURSION = YES;
				CLANG_WARN_INT_CONVERSION = YES;
				CLANG_WARN_NON_LITERAL_NULL_CONVERSION = YES;
				CLANG_WARN_OBJC_IMPLICIT_RETAIN_SELF = YES;
				CLANG_WARN_OBJC_LITERAL_CONVERSION = YES;
				CLANG_WARN_OBJC_ROOT_CLASS = YES_ERROR;
				CLANG_WARN_QUOTED_INCLUDE_IN_FRAMEWORK_HEADER = YES;
				CLANG_WARN_RANGE_LOOP_ANALYSIS = YES;
				CLANG_WARN_STRICT_PROTOTYPES = YES;
				CLANG_WARN_SUSPICIOUS_MOVE = YES;
				CLANG_WARN_UNGUARDED_AVAILABILITY = YES_AGGRESSIVE;
				CLANG_WARN_UNREACHABLE_CODE = YES;
				CLANG_WARN__DUPLICATE_METHOD_MATCH = YES;
				COPY_PHASE_STRIP = NO;
				DEBUG_INFORMATION_FORMAT = dwarf;
				ENABLE_STRICT_OBJC_MSGSEND = YES;
				ENABLE_TESTABILITY = YES;
				GCC_C_LANGUAGE_STANDARD = gnu11;
				GCC_DYNAMIC_NO_PIC = NO;
				GCC_NO_COMMON_BLOCKS = YES;
				GCC_OPTIMIZATION_LEVEL = 0;
				GCC_PREPROCESSOR_DEFINITIONS = (
					"DEBUG=1",
					"$(inherited)",
				);
				GCC_WARN_64_TO_32_BIT_CONVERSION = YES;
				GCC_WARN_ABOUT_RETURN_TYPE = YES_ERROR;
				GCC_WARN_UNDECLARED_SELECTOR = YES;
				GCC_WARN_UNINITIALIZED_AUTOS = YES_AGGRESSIVE;
				GCC_WARN_UNUSED_FUNCTION = YES;
				GCC_WARN_UNUSED_VARIABLE = YES;
				IPHONEOS_DEPLOYMENT_TARGET = 15.4;
				MTL_ENABLE_DEBUG_INFO = INCLUDE_SOURCE;
				MTL_FAST_MATH = YES;
				ONLY_ACTIVE_ARCH = YES;
				SDKROOT = iphoneos;
				SWIFT_ACTIVE_COMPILATION_CONDITIONS = DEBUG;
				SWIFT_OPTIMIZATION_LEVEL = "-Onone";
			};
			name = Debug;
		};
		BB61DE9C2850A33800A08AC6 /* Release */ = {
			isa = XCBuildConfiguration;
			buildSettings = {
				ALWAYS_SEARCH_USER_PATHS = NO;
				CLANG_ANALYZER_NONNULL = YES;
				CLANG_ANALYZER_NUMBER_OBJECT_CONVERSION = YES_AGGRESSIVE;
				CLANG_CXX_LANGUAGE_STANDARD = "gnu++17";
				CLANG_ENABLE_MODULES = YES;
				CLANG_ENABLE_OBJC_ARC = YES;
				CLANG_ENABLE_OBJC_WEAK = YES;
				CLANG_WARN_BLOCK_CAPTURE_AUTORELEASING = YES;
				CLANG_WARN_BOOL_CONVERSION = YES;
				CLANG_WARN_COMMA = YES;
				CLANG_WARN_CONSTANT_CONVERSION = YES;
				CLANG_WARN_DEPRECATED_OBJC_IMPLEMENTATIONS = YES;
				CLANG_WARN_DIRECT_OBJC_ISA_USAGE = YES_ERROR;
				CLANG_WARN_DOCUMENTATION_COMMENTS = YES;
				CLANG_WARN_EMPTY_BODY = YES;
				CLANG_WARN_ENUM_CONVERSION = YES;
				CLANG_WARN_INFINITE_RECURSION = YES;
				CLANG_WARN_INT_CONVERSION = YES;
				CLANG_WARN_NON_LITERAL_NULL_CONVERSION = YES;
				CLANG_WARN_OBJC_IMPLICIT_RETAIN_SELF = YES;
				CLANG_WARN_OBJC_LITERAL_CONVERSION = YES;
				CLANG_WARN_OBJC_ROOT_CLASS = YES_ERROR;
				CLANG_WARN_QUOTED_INCLUDE_IN_FRAMEWORK_HEADER = YES;
				CLANG_WARN_RANGE_LOOP_ANALYSIS = YES;
				CLANG_WARN_STRICT_PROTOTYPES = YES;
				CLANG_WARN_SUSPICIOUS_MOVE = YES;
				CLANG_WARN_UNGUARDED_AVAILABILITY = YES_AGGRESSIVE;
				CLANG_WARN_UNREACHABLE_CODE = YES;
				CLANG_WARN__DUPLICATE_METHOD_MATCH = YES;
				COPY_PHASE_STRIP = NO;
				DEBUG_INFORMATION_FORMAT = "dwarf-with-dsym";
				ENABLE_NS_ASSERTIONS = NO;
				ENABLE_STRICT_OBJC_MSGSEND = YES;
				GCC_C_LANGUAGE_STANDARD = gnu11;
				GCC_NO_COMMON_BLOCKS = YES;
				GCC_WARN_64_TO_32_BIT_CONVERSION = YES;
				GCC_WARN_ABOUT_RETURN_TYPE = YES_ERROR;
				GCC_WARN_UNDECLARED_SELECTOR = YES;
				GCC_WARN_UNINITIALIZED_AUTOS = YES_AGGRESSIVE;
				GCC_WARN_UNUSED_FUNCTION = YES;
				GCC_WARN_UNUSED_VARIABLE = YES;
				IPHONEOS_DEPLOYMENT_TARGET = 15.4;
				MTL_ENABLE_DEBUG_INFO = NO;
				MTL_FAST_MATH = YES;
				SDKROOT = iphoneos;
				SWIFT_COMPILATION_MODE = wholemodule;
				SWIFT_OPTIMIZATION_LEVEL = "-O";
				VALIDATE_PRODUCT = YES;
			};
			name = Release;
		};
		BB61DE9E2850A33800A08AC6 /* Debug */ = {
			isa = XCBuildConfiguration;
			baseConfigurationReference = 8B68B2028077D098EA217496 /* Pods-Finance.debug.xcconfig */;
			buildSettings = {
				ASSETCATALOG_COMPILER_APPICON_NAME = AppIcon;
				ASSETCATALOG_COMPILER_GLOBAL_ACCENT_COLOR_NAME = AccentColor;
				CODE_SIGN_STYLE = Automatic;
				CURRENT_PROJECT_VERSION = 1;
				DEVELOPMENT_TEAM = 4G4D5WHAZT;
				GENERATE_INFOPLIST_FILE = YES;
				INFOPLIST_FILE = Finance/Info.plist;
				INFOPLIST_KEY_UIApplicationSupportsIndirectInputEvents = YES;
				INFOPLIST_KEY_UILaunchStoryboardName = LaunchScreen;
				INFOPLIST_KEY_UIMainStoryboardFile = Main;
				INFOPLIST_KEY_UISupportedInterfaceOrientations_iPad = "UIInterfaceOrientationPortrait UIInterfaceOrientationPortraitUpsideDown UIInterfaceOrientationLandscapeLeft UIInterfaceOrientationLandscapeRight";
				INFOPLIST_KEY_UISupportedInterfaceOrientations_iPhone = "UIInterfaceOrientationPortrait UIInterfaceOrientationLandscapeLeft UIInterfaceOrientationLandscapeRight";
				LD_RUNPATH_SEARCH_PATHS = (
					"$(inherited)",
					"@executable_path/Frameworks",
				);
				MARKETING_VERSION = 1.0;
				PRODUCT_BUNDLE_IDENTIFIER = local.Finance;
				PRODUCT_NAME = "$(TARGET_NAME)";
				SWIFT_EMIT_LOC_STRINGS = YES;
				SWIFT_VERSION = 5.0;
				TARGETED_DEVICE_FAMILY = 1;
			};
			name = Debug;
		};
		BB61DE9F2850A33800A08AC6 /* Release */ = {
			isa = XCBuildConfiguration;
			baseConfigurationReference = 2CE0EEA6404BF9FB495CD737 /* Pods-Finance.release.xcconfig */;
			buildSettings = {
				ASSETCATALOG_COMPILER_APPICON_NAME = AppIcon;
				ASSETCATALOG_COMPILER_GLOBAL_ACCENT_COLOR_NAME = AccentColor;
				CODE_SIGN_STYLE = Automatic;
				CURRENT_PROJECT_VERSION = 1;
				DEVELOPMENT_TEAM = 4G4D5WHAZT;
				GENERATE_INFOPLIST_FILE = YES;
				INFOPLIST_FILE = Finance/Info.plist;
				INFOPLIST_KEY_UIApplicationSupportsIndirectInputEvents = YES;
				INFOPLIST_KEY_UILaunchStoryboardName = LaunchScreen;
				INFOPLIST_KEY_UIMainStoryboardFile = Main;
				INFOPLIST_KEY_UISupportedInterfaceOrientations_iPad = "UIInterfaceOrientationPortrait UIInterfaceOrientationPortraitUpsideDown UIInterfaceOrientationLandscapeLeft UIInterfaceOrientationLandscapeRight";
				INFOPLIST_KEY_UISupportedInterfaceOrientations_iPhone = "UIInterfaceOrientationPortrait UIInterfaceOrientationLandscapeLeft UIInterfaceOrientationLandscapeRight";
				LD_RUNPATH_SEARCH_PATHS = (
					"$(inherited)",
					"@executable_path/Frameworks",
				);
				MARKETING_VERSION = 1.0;
				PRODUCT_BUNDLE_IDENTIFIER = local.Finance;
				PRODUCT_NAME = "$(TARGET_NAME)";
				SWIFT_EMIT_LOC_STRINGS = YES;
				SWIFT_VERSION = 5.0;
				TARGETED_DEVICE_FAMILY = 1;
			};
			name = Release;
		};
/* End XCBuildConfiguration section */

/* Begin XCConfigurationList section */
		BB61DE842850A33300A08AC6 /* Build configuration list for PBXProject "Finance" */ = {
			isa = XCConfigurationList;
			buildConfigurations = (
				BB61DE9B2850A33800A08AC6 /* Debug */,
				BB61DE9C2850A33800A08AC6 /* Release */,
			);
			defaultConfigurationIsVisible = 0;
			defaultConfigurationName = Release;
		};
		BB61DE9D2850A33800A08AC6 /* Build configuration list for PBXNativeTarget "Finance" */ = {
			isa = XCConfigurationList;
			buildConfigurations = (
				BB61DE9E2850A33800A08AC6 /* Debug */,
				BB61DE9F2850A33800A08AC6 /* Release */,
			);
			defaultConfigurationIsVisible = 0;
			defaultConfigurationName = Release;
		};
/* End XCConfigurationList section */

/* Begin XCVersionGroup section */
		BB9EFC0F2863023700305776 /* Model.xcdatamodeld */ = {
			isa = XCVersionGroup;
			children = (
				BB9EFC102863023700305776 /* Model.xcdatamodel */,
			);
			currentVersion = BB9EFC102863023700305776 /* Model.xcdatamodel */;
			path = Model.xcdatamodeld;
			sourceTree = "<group>";
			versionGroupType = wrapper.xcdatamodel;
		};
/* End XCVersionGroup section */
	};
	rootObject = BB61DE812850A33300A08AC6 /* Project object */;
}
